
Microsoft Visual Studio Solution File, Format Version 11.00
# Visual Studio 2010
Project("{FAE04EC0-301F-11D3-BF4B-00C04F79EFBC}") = "UnityEngine.TestRunner", "UnityEngine.TestRunner.csproj", "{A18B1DED-2F00-A62A-DF13-DE9C52795AE9}"
EndProject
Project("{FAE04EC0-301F-11D3-BF4B-00C04F79EFBC}") = "Unity.Postprocessing.Runtime", "Unity.Postprocessing.Runtime.csproj", "{4D3A300B-7E4F-F19F-224B-257E6AFC5508}"
EndProject
Project("{FAE04EC0-301F-11D3-BF4B-00C04F79EFBC}") = "Assembly-CSharp", "Assembly-CSharp.csproj", "{70924FAA-0BEF-C6BF-17D5-338AB530F8F2}"
EndProject
Project("{FAE04EC0-301F-11D3-BF4B-00C04F79EFBC}") = "Unity.RenderPipelines.Universal.Runtime", "Unity.RenderPipelines.Universal.Runtime.csproj", "{CCD01A8E-9CB2-B2C6-2DD8-804A7A7FC517}"
EndProject
Project("{FAE04EC0-301F-11D3-BF4B-00C04F79EFBC}") = "Unity.2D.Animation.Triangle.Runtime", "Unity.2D.Animation.Triangle.Runtime.csproj", "{55CE7D1C-6B0F-5FED-4B12-7E3B19C2776E}"
EndProject
Project("{FAE04EC0-301F-11D3-BF4B-00C04F79EFBC}") = "UnityEngine.UI", "UnityEngine.UI.csproj", "{C4EB6857-8401-2C63-5E2D-05F7C4253B94}"
EndProject
Project("{FAE04EC0-301F-11D3-BF4B-00C04F79EFBC}") = "com.unity.multiplayer-hlapi.Runtime", "com.unity.multiplayer-hlapi.Runtime.csproj", "{AFE2A889-B43E-3EE7-5802-D66D75263BD0}"
EndProject
Project("{FAE04EC0-301F-11D3-BF4B-00C04F79EFBC}") = "Unity.TextMeshPro", "Unity.TextMeshPro.csproj", "{BD67B151-2371-F4A8-2E8A-F3070BDCD2A0}"
EndProject
Project("{FAE04EC0-301F-11D3-BF4B-00C04F79EFBC}") = "Unity.2D.Animation.Runtime", "Unity.2D.Animation.Runtime.csproj", "{81E6953A-FE86-9DBC-2053-8F82F6E25FB5}"
EndProject
Project("{FAE04EC0-301F-11D3-BF4B-00C04F79EFBC}") = "Unity.Timeline", "Unity.Timeline.csproj", "{25C873C6-0971-3A52-DA31-4BF4C1C4FB43}"
EndProject
Project("{FAE04EC0-301F-11D3-BF4B-00C04F79EFBC}") = "Unity.Mathematics", "Unity.Mathematics.csproj", "{A5CA215B-4425-944B-7B71-CB47234B312A}"
EndProject
Project("{FAE04EC0-301F-11D3-BF4B-00C04F79EFBC}") = "Unity.2D.SpriteShape.Runtime", "Unity.2D.SpriteShape.Runtime.csproj", "{3CA509BC-DA5C-E80E-4196-DC7ECCC8FEAF}"
EndProject
Project("{FAE04EC0-301F-11D3-BF4B-00C04F79EFBC}") = "Unity.RenderPipelines.Core.Runtime", "Unity.RenderPipelines.Core.Runtime.csproj", "{189CC934-8F92-3B01-F576-84A64FFBE205}"
EndProject
Project("{FAE04EC0-301F-11D3-BF4B-00C04F79EFBC}") = "Unity.Analytics.DataPrivacy", "Unity.Analytics.DataPrivacy.csproj", "{358690CC-CF81-AF97-FBA4-305708CDC50F}"
EndProject
Project("{FAE04EC0-301F-11D3-BF4B-00C04F79EFBC}") = "Unity.2D.IK.Runtime", "Unity.2D.IK.Runtime.csproj", "{937A198F-9A80-927F-FC37-DA65963279B5}"
EndProject
Project("{FAE04EC0-301F-11D3-BF4B-00C04F79EFBC}") = "UnityEngine.XR.LegacyInputHelpers", "UnityEngine.XR.LegacyInputHelpers.csproj", "{6F35C4DA-EE25-DAB6-54A3-1F31375249ED}"
EndProject
Project("{FAE04EC0-301F-11D3-BF4B-00C04F79EFBC}") = "UnityEngine.SpatialTracking", "UnityEngine.SpatialTracking.csproj", "{A475E8E0-3289-257A-D0CB-27BB6325D056}"
EndProject
Project("{FAE04EC0-301F-11D3-BF4B-00C04F79EFBC}") = "Unity.InternalAPIEngineBridge.001", "Unity.InternalAPIEngineBridge.001.csproj", "{327C2D4B-8149-8493-22CA-D0E17F1C1358}"
EndProject
Project("{FAE04EC0-301F-11D3-BF4B-00C04F79EFBC}") = "Unity.MemoryProfiler", "Unity.MemoryProfiler.csproj", "{349AECE5-E489-49E8-D889-42A43FEDC6A8}"
EndProject
Project("{FAE04EC0-301F-11D3-BF4B-00C04F79EFBC}") = "Unity.RenderPipelines.ShaderGraph.ShaderGraphLibrary", "Unity.RenderPipelines.ShaderGraph.ShaderGraphLibrary.csproj", "{100F4CB6-6E46-0BA2-E51E-39AC868F75EE}"
EndProject
Project("{FAE04EC0-301F-11D3-BF4B-00C04F79EFBC}") = "Unity.RenderPipeline.Universal.ShaderLibrary", "Unity.RenderPipeline.Universal.ShaderLibrary.csproj", "{28D5F451-3004-91A2-B482-40E3CDFAB793}"
EndProject
Project("{FAE04EC0-301F-11D3-BF4B-00C04F79EFBC}") = "Unity.RenderPipelines.Core.ShaderLibrary", "Unity.RenderPipelines.Core.ShaderLibrary.csproj", "{4E17EF1E-46E9-3DD4-7079-236751C0D5FD}"
EndProject
Project("{FAE04EC0-301F-11D3-BF4B-00C04F79EFBC}") = "Unity.RenderPipelines.Universal.Shaders", "Unity.RenderPipelines.Universal.Shaders.csproj", "{52391925-6572-1DDA-3136-6E4B32CA4BD3}"
EndProject
Project("{FAE04EC0-301F-11D3-BF4B-00C04F79EFBC}") = "Unity.2D.Common.Runtime", "Unity.2D.Common.Runtime.csproj", "{F5461101-2359-80E1-14CB-72682ADC5230}"
EndProject
Project("{FAE04EC0-301F-11D3-BF4B-00C04F79EFBC}") = "Unity.ShaderGraph.Editor", "Unity.ShaderGraph.Editor.csproj", "{C64B4301-AC9F-6386-F39D-360B57080F64}"
EndProject
Project("{FAE04EC0-301F-11D3-BF4B-00C04F79EFBC}") = "Unity.TextMeshPro.Editor", "Unity.TextMeshPro.Editor.csproj", "{B0A50861-A2E8-D541-A636-85BDF33E177F}"
EndProject
Project("{FAE04EC0-301F-11D3-BF4B-00C04F79EFBC}") = "Unity.Timeline.Editor", "Unity.Timeline.Editor.csproj", "{BF8D6C28-A357-551B-7BD9-DE87BE3A2575}"
EndProject
Project("{FAE04EC0-301F-11D3-BF4B-00C04F79EFBC}") = "Unity.MemoryProfiler.Editor", "Unity.MemoryProfiler.Editor.csproj", "{106EEFA0-D5A6-536D-9510-3DA79CCB3E3C}"
EndProject
Project("{FAE04EC0-301F-11D3-BF4B-00C04F79EFBC}") = "UnityEditor.TestRunner", "UnityEditor.TestRunner.csproj", "{D021A516-F765-C15D-D2BE-1F94F8FA3DDD}"
EndProject
Project("{FAE04EC0-301F-11D3-BF4B-00C04F79EFBC}") = "Unity.2D.Animation.Editor", "Unity.2D.Animation.Editor.csproj", "{DE062FFC-C4FC-A71F-B159-BC1D44C5678C}"
EndProject
Project("{FAE04EC0-301F-11D3-BF4B-00C04F79EFBC}") = "Unity.RenderPipelines.Universal.Editor", "Unity.RenderPipelines.Universal.Editor.csproj", "{ABC665F1-753C-662C-8340-AAB235C3C58D}"
EndProject
Project("{FAE04EC0-301F-11D3-BF4B-00C04F79EFBC}") = "Unity.2D.Path.Editor", "Unity.2D.Path.Editor.csproj", "{CC6C578E-3C93-A56C-3281-BEE12A89C680}"
EndProject
Project("{FAE04EC0-301F-11D3-BF4B-00C04F79EFBC}") = "Assembly-CSharp-Editor", "Assembly-CSharp-Editor.csproj", "{1345306C-7420-8831-5E1C-DB174C259E42}"
EndProject
Project("{FAE04EC0-301F-11D3-BF4B-00C04F79EFBC}") = "Unity.2D.Sprite.Editor", "Unity.2D.Sprite.Editor.csproj", "{203A7E8F-56CB-596D-A619-BD1023B72BD4}"
EndProject
Project("{FAE04EC0-301F-11D3-BF4B-00C04F79EFBC}") = "com.unity.multiplayer-hlapi.Editor", "com.unity.multiplayer-hlapi.Editor.csproj", "{E9BBCC3D-BEFA-F7C4-E558-63FAAC2C858F}"
EndProject
Project("{FAE04EC0-301F-11D3-BF4B-00C04F79EFBC}") = "UnityEditor.UI", "UnityEditor.UI.csproj", "{633587CA-5476-A161-7860-F38F3B378BC8}"
EndProject
Project("{FAE04EC0-301F-11D3-BF4B-00C04F79EFBC}") = "Unity.Rider.Editor", "Unity.Rider.Editor.csproj", "{DCC364C1-39A5-84E8-FAD1-F05F8B71561B}"
EndProject
Project("{FAE04EC0-301F-11D3-BF4B-00C04F79EFBC}") = "Unity.2D.Tilemap.Editor", "Unity.2D.Tilemap.Editor.csproj", "{8ECC188F-83F4-F290-C59D-C239257DF97C}"
EndProject
Project("{FAE04EC0-301F-11D3-BF4B-00C04F79EFBC}") = "Unity.RenderPipelines.Core.Editor", "Unity.RenderPipelines.Core.Editor.csproj", "{4E2D041F-B9BF-2B5F-5CBF-6A87554E2864}"
EndProject
Project("{FAE04EC0-301F-11D3-BF4B-00C04F79EFBC}") = "Unity.2D.SpriteShape.Editor", "Unity.2D.SpriteShape.Editor.csproj", "{94ED30AE-E50C-C698-8FDC-05747E1B442B}"
EndProject
Project("{FAE04EC0-301F-11D3-BF4B-00C04F79EFBC}") = "UnityEditor.XR.LegacyInputHelpers", "UnityEditor.XR.LegacyInputHelpers.csproj", "{64B78685-8FEE-EF2B-2D54-93740ECD376D}"
EndProject
Project("{FAE04EC0-301F-11D3-BF4B-00C04F79EFBC}") = "PsdPlugin", "PsdPlugin.csproj", "{4DF1C060-D9BE-DC22-8374-4EF8BB563D0B}"
EndProject
Project("{FAE04EC0-301F-11D3-BF4B-00C04F79EFBC}") = "Unity.Postprocessing.Editor", "Unity.Postprocessing.Editor.csproj", "{19B0DB7B-1EEF-9CC9-5BF9-164C264D33B7}"
EndProject
Project("{FAE04EC0-301F-11D3-BF4B-00C04F79EFBC}") = "Unity.CollabProxy.Editor", "Unity.CollabProxy.Editor.csproj", "{C410CE14-3160-FD44-565A-917A1D6CB546}"
EndProject
Project("{FAE04EC0-301F-11D3-BF4B-00C04F79EFBC}") = "Unity.EditorCoroutines.Editor", "Unity.EditorCoroutines.Editor.csproj", "{81613CB9-BAF9-1E54-63F8-985A5F3BE6F3}"
EndProject
Project("{FAE04EC0-301F-11D3-BF4B-00C04F79EFBC}") = "Unity.2D.IK.Editor", "Unity.2D.IK.Editor.csproj", "{79F548E0-EAF2-28B4-637F-A0DEC1424AD5}"
EndProject
Project("{FAE04EC0-301F-11D3-BF4B-00C04F79EFBC}") = "Unity.2D.Common.Editor", "Unity.2D.Common.Editor.csproj", "{8227E7F3-95CB-6D67-04A4-FAD88DA7384E}"
EndProject
Project("{FAE04EC0-301F-11D3-BF4B-00C04F79EFBC}") = "com.unity.multiplayer-weaver.Editor", "com.unity.multiplayer-weaver.Editor.csproj", "{F70AC870-6A74-AD80-6E38-4EC39AE44439}"
EndProject
Project("{FAE04EC0-301F-11D3-BF4B-00C04F79EFBC}") = "Unity.VSCode.Editor", "Unity.VSCode.Editor.csproj", "{76800749-8899-2803-F922-378E0F5FC771}"
EndProject
Project("{FAE04EC0-301F-11D3-BF4B-00C04F79EFBC}") = "Unity.2D.Psdimporter.Editor", "Unity.2D.Psdimporter.Editor.csproj", "{11B9ABD8-B04A-2802-884A-333DFC46CE35}"
EndProject
Project("{FAE04EC0-301F-11D3-BF4B-00C04F79EFBC}") = "Unity.ShaderGraph.Utilities", "Unity.ShaderGraph.Utilities.csproj", "{C42EE1D9-AC1A-9F42-BCDD-506C50DCDC0C}"
EndProject
Project("{FAE04EC0-301F-11D3-BF4B-00C04F79EFBC}") = "Unity.Mathematics.Editor", "Unity.Mathematics.Editor.csproj", "{F678725E-BC8E-8CBA-0486-A56C3F73510E}"
EndProject
Project("{FAE04EC0-301F-11D3-BF4B-00C04F79EFBC}") = "Unity.InternalAPIEditorBridge.001", "Unity.InternalAPIEditorBridge.001.csproj", "{F8152E9B-3428-5917-9FD0-8CA869C89DAF}"
EndProject
Project("{FAE04EC0-301F-11D3-BF4B-00C04F79EFBC}") = "UnityEditor.SpatialTracking", "UnityEditor.SpatialTracking.csproj", "{762779C8-7088-349C-0DDB-9946D2F9AE94}"
EndProject
Global
	GlobalSection(SolutionConfigurationPlatforms) = preSolution
		Debug|Any CPU = Debug|Any CPU
		Release|Any CPU = Release|Any CPU
	EndGlobalSection
	GlobalSection(ProjectConfigurationPlatforms) = postSolution
		{A18B1DED-2F00-A62A-DF13-DE9C52795AE9}.Debug|Any CPU.ActiveCfg = Debug|Any CPU
		{A18B1DED-2F00-A62A-DF13-DE9C52795AE9}.Debug|Any CPU.Build.0 = Debug|Any CPU
		{A18B1DED-2F00-A62A-DF13-DE9C52795AE9}.Release|Any CPU.ActiveCfg = Release|Any CPU
		{A18B1DED-2F00-A62A-DF13-DE9C52795AE9}.Release|Any CPU.Build.0 = Release|Any CPU
		{4D3A300B-7E4F-F19F-224B-257E6AFC5508}.Debug|Any CPU.ActiveCfg = Debug|Any CPU
		{4D3A300B-7E4F-F19F-224B-257E6AFC5508}.Debug|Any CPU.Build.0 = Debug|Any CPU
		{4D3A300B-7E4F-F19F-224B-257E6AFC5508}.Release|Any CPU.ActiveCfg = Release|Any CPU
		{4D3A300B-7E4F-F19F-224B-257E6AFC5508}.Release|Any CPU.Build.0 = Release|Any CPU
		{70924FAA-0BEF-C6BF-17D5-338AB530F8F2}.Debug|Any CPU.ActiveCfg = Debug|Any CPU
		{70924FAA-0BEF-C6BF-17D5-338AB530F8F2}.Debug|Any CPU.Build.0 = Debug|Any CPU
		{70924FAA-0BEF-C6BF-17D5-338AB530F8F2}.Release|Any CPU.ActiveCfg = Release|Any CPU
		{70924FAA-0BEF-C6BF-17D5-338AB530F8F2}.Release|Any CPU.Build.0 = Release|Any CPU
		{CCD01A8E-9CB2-B2C6-2DD8-804A7A7FC517}.Debug|Any CPU.ActiveCfg = Debug|Any CPU
		{CCD01A8E-9CB2-B2C6-2DD8-804A7A7FC517}.Debug|Any CPU.Build.0 = Debug|Any CPU
		{CCD01A8E-9CB2-B2C6-2DD8-804A7A7FC517}.Release|Any CPU.ActiveCfg = Release|Any CPU
		{CCD01A8E-9CB2-B2C6-2DD8-804A7A7FC517}.Release|Any CPU.Build.0 = Release|Any CPU
		{55CE7D1C-6B0F-5FED-4B12-7E3B19C2776E}.Debug|Any CPU.ActiveCfg = Debug|Any CPU
		{55CE7D1C-6B0F-5FED-4B12-7E3B19C2776E}.Debug|Any CPU.Build.0 = Debug|Any CPU
		{55CE7D1C-6B0F-5FED-4B12-7E3B19C2776E}.Release|Any CPU.ActiveCfg = Release|Any CPU
		{55CE7D1C-6B0F-5FED-4B12-7E3B19C2776E}.Release|Any CPU.Build.0 = Release|Any CPU
		{C4EB6857-8401-2C63-5E2D-05F7C4253B94}.Debug|Any CPU.ActiveCfg = Debug|Any CPU
		{C4EB6857-8401-2C63-5E2D-05F7C4253B94}.Debug|Any CPU.Build.0 = Debug|Any CPU
		{C4EB6857-8401-2C63-5E2D-05F7C4253B94}.Release|Any CPU.ActiveCfg = Release|Any CPU
		{C4EB6857-8401-2C63-5E2D-05F7C4253B94}.Release|Any CPU.Build.0 = Release|Any CPU
		{AFE2A889-B43E-3EE7-5802-D66D75263BD0}.Debug|Any CPU.ActiveCfg = Debug|Any CPU
		{AFE2A889-B43E-3EE7-5802-D66D75263BD0}.Debug|Any CPU.Build.0 = Debug|Any CPU
		{AFE2A889-B43E-3EE7-5802-D66D75263BD0}.Release|Any CPU.ActiveCfg = Release|Any CPU
		{AFE2A889-B43E-3EE7-5802-D66D75263BD0}.Release|Any CPU.Build.0 = Release|Any CPU
		{BD67B151-2371-F4A8-2E8A-F3070BDCD2A0}.Debug|Any CPU.ActiveCfg = Debug|Any CPU
		{BD67B151-2371-F4A8-2E8A-F3070BDCD2A0}.Debug|Any CPU.Build.0 = Debug|Any CPU
		{BD67B151-2371-F4A8-2E8A-F3070BDCD2A0}.Release|Any CPU.ActiveCfg = Release|Any CPU
		{BD67B151-2371-F4A8-2E8A-F3070BDCD2A0}.Release|Any CPU.Build.0 = Release|Any CPU
		{81E6953A-FE86-9DBC-2053-8F82F6E25FB5}.Debug|Any CPU.ActiveCfg = Debug|Any CPU
		{81E6953A-FE86-9DBC-2053-8F82F6E25FB5}.Debug|Any CPU.Build.0 = Debug|Any CPU
		{81E6953A-FE86-9DBC-2053-8F82F6E25FB5}.Release|Any CPU.ActiveCfg = Release|Any CPU
		{81E6953A-FE86-9DBC-2053-8F82F6E25FB5}.Release|Any CPU.Build.0 = Release|Any CPU
		{25C873C6-0971-3A52-DA31-4BF4C1C4FB43}.Debug|Any CPU.ActiveCfg = Debug|Any CPU
		{25C873C6-0971-3A52-DA31-4BF4C1C4FB43}.Debug|Any CPU.Build.0 = Debug|Any CPU
		{25C873C6-0971-3A52-DA31-4BF4C1C4FB43}.Release|Any CPU.ActiveCfg = Release|Any CPU
		{25C873C6-0971-3A52-DA31-4BF4C1C4FB43}.Release|Any CPU.Build.0 = Release|Any CPU
		{A5CA215B-4425-944B-7B71-CB47234B312A}.Debug|Any CPU.ActiveCfg = Debug|Any CPU
		{A5CA215B-4425-944B-7B71-CB47234B312A}.Debug|Any CPU.Build.0 = Debug|Any CPU
		{A5CA215B-4425-944B-7B71-CB47234B312A}.Release|Any CPU.ActiveCfg = Release|Any CPU
		{A5CA215B-4425-944B-7B71-CB47234B312A}.Release|Any CPU.Build.0 = Release|Any CPU
		{3CA509BC-DA5C-E80E-4196-DC7ECCC8FEAF}.Debug|Any CPU.ActiveCfg = Debug|Any CPU
		{3CA509BC-DA5C-E80E-4196-DC7ECCC8FEAF}.Debug|Any CPU.Build.0 = Debug|Any CPU
		{3CA509BC-DA5C-E80E-4196-DC7ECCC8FEAF}.Release|Any CPU.ActiveCfg = Release|Any CPU
		{3CA509BC-DA5C-E80E-4196-DC7ECCC8FEAF}.Release|Any CPU.Build.0 = Release|Any CPU
		{189CC934-8F92-3B01-F576-84A64FFBE205}.Debug|Any CPU.ActiveCfg = Debug|Any CPU
		{189CC934-8F92-3B01-F576-84A64FFBE205}.Debug|Any CPU.Build.0 = Debug|Any CPU
		{189CC934-8F92-3B01-F576-84A64FFBE205}.Release|Any CPU.ActiveCfg = Release|Any CPU
		{189CC934-8F92-3B01-F576-84A64FFBE205}.Release|Any CPU.Build.0 = Release|Any CPU
		{358690CC-CF81-AF97-FBA4-305708CDC50F}.Debug|Any CPU.ActiveCfg = Debug|Any CPU
		{358690CC-CF81-AF97-FBA4-305708CDC50F}.Debug|Any CPU.Build.0 = Debug|Any CPU
		{358690CC-CF81-AF97-FBA4-305708CDC50F}.Release|Any CPU.ActiveCfg = Release|Any CPU
		{358690CC-CF81-AF97-FBA4-305708CDC50F}.Release|Any CPU.Build.0 = Release|Any CPU
		{937A198F-9A80-927F-FC37-DA65963279B5}.Debug|Any CPU.ActiveCfg = Debug|Any CPU
		{937A198F-9A80-927F-FC37-DA65963279B5}.Debug|Any CPU.Build.0 = Debug|Any CPU
		{937A198F-9A80-927F-FC37-DA65963279B5}.Release|Any CPU.ActiveCfg = Release|Any CPU
		{937A198F-9A80-927F-FC37-DA65963279B5}.Release|Any CPU.Build.0 = Release|Any CPU
		{6F35C4DA-EE25-DAB6-54A3-1F31375249ED}.Debug|Any CPU.ActiveCfg = Debug|Any CPU
		{6F35C4DA-EE25-DAB6-54A3-1F31375249ED}.Debug|Any CPU.Build.0 = Debug|Any CPU
		{6F35C4DA-EE25-DAB6-54A3-1F31375249ED}.Release|Any CPU.ActiveCfg = Release|Any CPU
		{6F35C4DA-EE25-DAB6-54A3-1F31375249ED}.Release|Any CPU.Build.0 = Release|Any CPU
		{A475E8E0-3289-257A-D0CB-27BB6325D056}.Debug|Any CPU.ActiveCfg = Debug|Any CPU
		{A475E8E0-3289-257A-D0CB-27BB6325D056}.Debug|Any CPU.Build.0 = Debug|Any CPU
		{A475E8E0-3289-257A-D0CB-27BB6325D056}.Release|Any CPU.ActiveCfg = Release|Any CPU
		{A475E8E0-3289-257A-D0CB-27BB6325D056}.Release|Any CPU.Build.0 = Release|Any CPU
		{327C2D4B-8149-8493-22CA-D0E17F1C1358}.Debug|Any CPU.ActiveCfg = Debug|Any CPU
		{327C2D4B-8149-8493-22CA-D0E17F1C1358}.Debug|Any CPU.Build.0 = Debug|Any CPU
		{327C2D4B-8149-8493-22CA-D0E17F1C1358}.Release|Any CPU.ActiveCfg = Release|Any CPU
		{327C2D4B-8149-8493-22CA-D0E17F1C1358}.Release|Any CPU.Build.0 = Release|Any CPU
		{349AECE5-E489-49E8-D889-42A43FEDC6A8}.Debug|Any CPU.ActiveCfg = Debug|Any CPU
		{349AECE5-E489-49E8-D889-42A43FEDC6A8}.Debug|Any CPU.Build.0 = Debug|Any CPU
		{349AECE5-E489-49E8-D889-42A43FEDC6A8}.Release|Any CPU.ActiveCfg = Release|Any CPU
		{349AECE5-E489-49E8-D889-42A43FEDC6A8}.Release|Any CPU.Build.0 = Release|Any CPU
		{100F4CB6-6E46-0BA2-E51E-39AC868F75EE}.Debug|Any CPU.ActiveCfg = Debug|Any CPU
		{100F4CB6-6E46-0BA2-E51E-39AC868F75EE}.Debug|Any CPU.Build.0 = Debug|Any CPU
		{100F4CB6-6E46-0BA2-E51E-39AC868F75EE}.Release|Any CPU.ActiveCfg = Release|Any CPU
		{100F4CB6-6E46-0BA2-E51E-39AC868F75EE}.Release|Any CPU.Build.0 = Release|Any CPU
		{28D5F451-3004-91A2-B482-40E3CDFAB793}.Debug|Any CPU.ActiveCfg = Debug|Any CPU
		{28D5F451-3004-91A2-B482-40E3CDFAB793}.Debug|Any CPU.Build.0 = Debug|Any CPU
		{28D5F451-3004-91A2-B482-40E3CDFAB793}.Release|Any CPU.ActiveCfg = Release|Any CPU
		{28D5F451-3004-91A2-B482-40E3CDFAB793}.Release|Any CPU.Build.0 = Release|Any CPU
		{4E17EF1E-46E9-3DD4-7079-236751C0D5FD}.Debug|Any CPU.ActiveCfg = Debug|Any CPU
		{4E17EF1E-46E9-3DD4-7079-236751C0D5FD}.Debug|Any CPU.Build.0 = Debug|Any CPU
		{4E17EF1E-46E9-3DD4-7079-236751C0D5FD}.Release|Any CPU.ActiveCfg = Release|Any CPU
		{4E17EF1E-46E9-3DD4-7079-236751C0D5FD}.Release|Any CPU.Build.0 = Release|Any CPU
		{52391925-6572-1DDA-3136-6E4B32CA4BD3}.Debug|Any CPU.ActiveCfg = Debug|Any CPU
		{52391925-6572-1DDA-3136-6E4B32CA4BD3}.Debug|Any CPU.Build.0 = Debug|Any CPU
		{52391925-6572-1DDA-3136-6E4B32CA4BD3}.Release|Any CPU.ActiveCfg = Release|Any CPU
		{52391925-6572-1DDA-3136-6E4B32CA4BD3}.Release|Any CPU.Build.0 = Release|Any CPU
		{F5461101-2359-80E1-14CB-72682ADC5230}.Debug|Any CPU.ActiveCfg = Debug|Any CPU
		{F5461101-2359-80E1-14CB-72682ADC5230}.Debug|Any CPU.Build.0 = Debug|Any CPU
		{F5461101-2359-80E1-14CB-72682ADC5230}.Release|Any CPU.ActiveCfg = Release|Any CPU
		{F5461101-2359-80E1-14CB-72682ADC5230}.Release|Any CPU.Build.0 = Release|Any CPU
		{C64B4301-AC9F-6386-F39D-360B57080F64}.Debug|Any CPU.ActiveCfg = Debug|Any CPU
		{C64B4301-AC9F-6386-F39D-360B57080F64}.Debug|Any CPU.Build.0 = Debug|Any CPU
		{C64B4301-AC9F-6386-F39D-360B57080F64}.Release|Any CPU.ActiveCfg = Release|Any CPU
		{C64B4301-AC9F-6386-F39D-360B57080F64}.Release|Any CPU.Build.0 = Release|Any CPU
		{B0A50861-A2E8-D541-A636-85BDF33E177F}.Debug|Any CPU.ActiveCfg = Debug|Any CPU
		{B0A50861-A2E8-D541-A636-85BDF33E177F}.Debug|Any CPU.Build.0 = Debug|Any CPU
		{B0A50861-A2E8-D541-A636-85BDF33E177F}.Release|Any CPU.ActiveCfg = Release|Any CPU
		{B0A50861-A2E8-D541-A636-85BDF33E177F}.Release|Any CPU.Build.0 = Release|Any CPU
		{BF8D6C28-A357-551B-7BD9-DE87BE3A2575}.Debug|Any CPU.ActiveCfg = Debug|Any CPU
		{BF8D6C28-A357-551B-7BD9-DE87BE3A2575}.Debug|Any CPU.Build.0 = Debug|Any CPU
		{BF8D6C28-A357-551B-7BD9-DE87BE3A2575}.Release|Any CPU.ActiveCfg = Release|Any CPU
		{BF8D6C28-A357-551B-7BD9-DE87BE3A2575}.Release|Any CPU.Build.0 = Release|Any CPU
		{106EEFA0-D5A6-536D-9510-3DA79CCB3E3C}.Debug|Any CPU.ActiveCfg = Debug|Any CPU
		{106EEFA0-D5A6-536D-9510-3DA79CCB3E3C}.Debug|Any CPU.Build.0 = Debug|Any CPU
		{106EEFA0-D5A6-536D-9510-3DA79CCB3E3C}.Release|Any CPU.ActiveCfg = Release|Any CPU
		{106EEFA0-D5A6-536D-9510-3DA79CCB3E3C}.Release|Any CPU.Build.0 = Release|Any CPU
		{D021A516-F765-C15D-D2BE-1F94F8FA3DDD}.Debug|Any CPU.ActiveCfg = Debug|Any CPU
		{D021A516-F765-C15D-D2BE-1F94F8FA3DDD}.Debug|Any CPU.Build.0 = Debug|Any CPU
		{D021A516-F765-C15D-D2BE-1F94F8FA3DDD}.Release|Any CPU.ActiveCfg = Release|Any CPU
		{D021A516-F765-C15D-D2BE-1F94F8FA3DDD}.Release|Any CPU.Build.0 = Release|Any CPU
		{DE062FFC-C4FC-A71F-B159-BC1D44C5678C}.Debug|Any CPU.ActiveCfg = Debug|Any CPU
		{DE062FFC-C4FC-A71F-B159-BC1D44C5678C}.Debug|Any CPU.Build.0 = Debug|Any CPU
		{DE062FFC-C4FC-A71F-B159-BC1D44C5678C}.Release|Any CPU.ActiveCfg = Release|Any CPU
		{DE062FFC-C4FC-A71F-B159-BC1D44C5678C}.Release|Any CPU.Build.0 = Release|Any CPU
		{ABC665F1-753C-662C-8340-AAB235C3C58D}.Debug|Any CPU.ActiveCfg = Debug|Any CPU
		{ABC665F1-753C-662C-8340-AAB235C3C58D}.Debug|Any CPU.Build.0 = Debug|Any CPU
		{ABC665F1-753C-662C-8340-AAB235C3C58D}.Release|Any CPU.ActiveCfg = Release|Any CPU
		{ABC665F1-753C-662C-8340-AAB235C3C58D}.Release|Any CPU.Build.0 = Release|Any CPU
		{CC6C578E-3C93-A56C-3281-BEE12A89C680}.Debug|Any CPU.ActiveCfg = Debug|Any CPU
		{CC6C578E-3C93-A56C-3281-BEE12A89C680}.Debug|Any CPU.Build.0 = Debug|Any CPU
		{CC6C578E-3C93-A56C-3281-BEE12A89C680}.Release|Any CPU.ActiveCfg = Release|Any CPU
		{CC6C578E-3C93-A56C-3281-BEE12A89C680}.Release|Any CPU.Build.0 = Release|Any CPU
		{1345306C-7420-8831-5E1C-DB174C259E42}.Debug|Any CPU.ActiveCfg = Debug|Any CPU
		{1345306C-7420-8831-5E1C-DB174C259E42}.Debug|Any CPU.Build.0 = Debug|Any CPU
		{1345306C-7420-8831-5E1C-DB174C259E42}.Release|Any CPU.ActiveCfg = Release|Any CPU
		{1345306C-7420-8831-5E1C-DB174C259E42}.Release|Any CPU.Build.0 = Release|Any CPU
		{203A7E8F-56CB-596D-A619-BD1023B72BD4}.Debug|Any CPU.ActiveCfg = Debug|Any CPU
		{203A7E8F-56CB-596D-A619-BD1023B72BD4}.Debug|Any CPU.Build.0 = Debug|Any CPU
		{203A7E8F-56CB-596D-A619-BD1023B72BD4}.Release|Any CPU.ActiveCfg = Release|Any CPU
		{203A7E8F-56CB-596D-A619-BD1023B72BD4}.Release|Any CPU.Build.0 = Release|Any CPU
		{E9BBCC3D-BEFA-F7C4-E558-63FAAC2C858F}.Debug|Any CPU.ActiveCfg = Debug|Any CPU
		{E9BBCC3D-BEFA-F7C4-E558-63FAAC2C858F}.Debug|Any CPU.Build.0 = Debug|Any CPU
		{E9BBCC3D-BEFA-F7C4-E558-63FAAC2C858F}.Release|Any CPU.ActiveCfg = Release|Any CPU
		{E9BBCC3D-BEFA-F7C4-E558-63FAAC2C858F}.Release|Any CPU.Build.0 = Release|Any CPU
		{633587CA-5476-A161-7860-F38F3B378BC8}.Debug|Any CPU.ActiveCfg = Debug|Any CPU
		{633587CA-5476-A161-7860-F38F3B378BC8}.Debug|Any CPU.Build.0 = Debug|Any CPU
		{633587CA-5476-A161-7860-F38F3B378BC8}.Release|Any CPU.ActiveCfg = Release|Any CPU
		{633587CA-5476-A161-7860-F38F3B378BC8}.Release|Any CPU.Build.0 = Release|Any CPU
		{DCC364C1-39A5-84E8-FAD1-F05F8B71561B}.Debug|Any CPU.ActiveCfg = Debug|Any CPU
		{DCC364C1-39A5-84E8-FAD1-F05F8B71561B}.Debug|Any CPU.Build.0 = Debug|Any CPU
		{DCC364C1-39A5-84E8-FAD1-F05F8B71561B}.Release|Any CPU.ActiveCfg = Release|Any CPU
		{DCC364C1-39A5-84E8-FAD1-F05F8B71561B}.Release|Any CPU.Build.0 = Release|Any CPU
		{8ECC188F-83F4-F290-C59D-C239257DF97C}.Debug|Any CPU.ActiveCfg = Debug|Any CPU
		{8ECC188F-83F4-F290-C59D-C239257DF97C}.Debug|Any CPU.Build.0 = Debug|Any CPU
		{8ECC188F-83F4-F290-C59D-C239257DF97C}.Release|Any CPU.ActiveCfg = Release|Any CPU
		{8ECC188F-83F4-F290-C59D-C239257DF97C}.Release|Any CPU.Build.0 = Release|Any CPU
		{4E2D041F-B9BF-2B5F-5CBF-6A87554E2864}.Debug|Any CPU.ActiveCfg = Debug|Any CPU
		{4E2D041F-B9BF-2B5F-5CBF-6A87554E2864}.Debug|Any CPU.Build.0 = Debug|Any CPU
		{4E2D041F-B9BF-2B5F-5CBF-6A87554E2864}.Release|Any CPU.ActiveCfg = Release|Any CPU
		{4E2D041F-B9BF-2B5F-5CBF-6A87554E2864}.Release|Any CPU.Build.0 = Release|Any CPU
		{94ED30AE-E50C-C698-8FDC-05747E1B442B}.Debug|Any CPU.ActiveCfg = Debug|Any CPU
		{94ED30AE-E50C-C698-8FDC-05747E1B442B}.Debug|Any CPU.Build.0 = Debug|Any CPU
		{94ED30AE-E50C-C698-8FDC-05747E1B442B}.Release|Any CPU.ActiveCfg = Release|Any CPU
		{94ED30AE-E50C-C698-8FDC-05747E1B442B}.Release|Any CPU.Build.0 = Release|Any CPU
		{64B78685-8FEE-EF2B-2D54-93740ECD376D}.Debug|Any CPU.ActiveCfg = Debug|Any CPU
		{64B78685-8FEE-EF2B-2D54-93740ECD376D}.Debug|Any CPU.Build.0 = Debug|Any CPU
		{64B78685-8FEE-EF2B-2D54-93740ECD376D}.Release|Any CPU.ActiveCfg = Release|Any CPU
		{64B78685-8FEE-EF2B-2D54-93740ECD376D}.Release|Any CPU.Build.0 = Release|Any CPU
		{4DF1C060-D9BE-DC22-8374-4EF8BB563D0B}.Debug|Any CPU.ActiveCfg = Debug|Any CPU
		{4DF1C060-D9BE-DC22-8374-4EF8BB563D0B}.Debug|Any CPU.Build.0 = Debug|Any CPU
		{4DF1C060-D9BE-DC22-8374-4EF8BB563D0B}.Release|Any CPU.ActiveCfg = Release|Any CPU
		{4DF1C060-D9BE-DC22-8374-4EF8BB563D0B}.Release|Any CPU.Build.0 = Release|Any CPU
		{19B0DB7B-1EEF-9CC9-5BF9-164C264D33B7}.Debug|Any CPU.ActiveCfg = Debug|Any CPU
		{19B0DB7B-1EEF-9CC9-5BF9-164C264D33B7}.Debug|Any CPU.Build.0 = Debug|Any CPU
		{19B0DB7B-1EEF-9CC9-5BF9-164C264D33B7}.Release|Any CPU.ActiveCfg = Release|Any CPU
		{19B0DB7B-1EEF-9CC9-5BF9-164C264D33B7}.Release|Any CPU.Build.0 = Release|Any CPU
		{C410CE14-3160-FD44-565A-917A1D6CB546}.Debug|Any CPU.ActiveCfg = Debug|Any CPU
		{C410CE14-3160-FD44-565A-917A1D6CB546}.Debug|Any CPU.Build.0 = Debug|Any CPU
		{C410CE14-3160-FD44-565A-917A1D6CB546}.Release|Any CPU.ActiveCfg = Release|Any CPU
		{C410CE14-3160-FD44-565A-917A1D6CB546}.Release|Any CPU.Build.0 = Release|Any CPU
		{81613CB9-BAF9-1E54-63F8-985A5F3BE6F3}.Debug|Any CPU.ActiveCfg = Debug|Any CPU
		{81613CB9-BAF9-1E54-63F8-985A5F3BE6F3}.Debug|Any CPU.Build.0 = Debug|Any CPU
		{81613CB9-BAF9-1E54-63F8-985A5F3BE6F3}.Release|Any CPU.ActiveCfg = Release|Any CPU
		{81613CB9-BAF9-1E54-63F8-985A5F3BE6F3}.Release|Any CPU.Build.0 = Release|Any CPU
		{79F548E0-EAF2-28B4-637F-A0DEC1424AD5}.Debug|Any CPU.ActiveCfg = Debug|Any CPU
		{79F548E0-EAF2-28B4-637F-A0DEC1424AD5}.Debug|Any CPU.Build.0 = Debug|Any CPU
		{79F548E0-EAF2-28B4-637F-A0DEC1424AD5}.Release|Any CPU.ActiveCfg = Release|Any CPU
		{79F548E0-EAF2-28B4-637F-A0DEC1424AD5}.Release|Any CPU.Build.0 = Release|Any CPU
		{8227E7F3-95CB-6D67-04A4-FAD88DA7384E}.Debug|Any CPU.ActiveCfg = Debug|Any CPU
		{8227E7F3-95CB-6D67-04A4-FAD88DA7384E}.Debug|Any CPU.Build.0 = Debug|Any CPU
		{8227E7F3-95CB-6D67-04A4-FAD88DA7384E}.Release|Any CPU.ActiveCfg = Release|Any CPU
		{8227E7F3-95CB-6D67-04A4-FAD88DA7384E}.Release|Any CPU.Build.0 = Release|Any CPU
		{F70AC870-6A74-AD80-6E38-4EC39AE44439}.Debug|Any CPU.ActiveCfg = Debug|Any CPU
		{F70AC870-6A74-AD80-6E38-4EC39AE44439}.Debug|Any CPU.Build.0 = Debug|Any CPU
		{F70AC870-6A74-AD80-6E38-4EC39AE44439}.Release|Any CPU.ActiveCfg = Release|Any CPU
		{F70AC870-6A74-AD80-6E38-4EC39AE44439}.Release|Any CPU.Build.0 = Release|Any CPU
		{76800749-8899-2803-F922-378E0F5FC771}.Debug|Any CPU.ActiveCfg = Debug|Any CPU
		{76800749-8899-2803-F922-378E0F5FC771}.Debug|Any CPU.Build.0 = Debug|Any CPU
		{76800749-8899-2803-F922-378E0F5FC771}.Release|Any CPU.ActiveCfg = Release|Any CPU
		{76800749-8899-2803-F922-378E0F5FC771}.Release|Any CPU.Build.0 = Release|Any CPU
		{11B9ABD8-B04A-2802-884A-333DFC46CE35}.Debug|Any CPU.ActiveCfg = Debug|Any CPU
		{11B9ABD8-B04A-2802-884A-333DFC46CE35}.Debug|Any CPU.Build.0 = Debug|Any CPU
		{11B9ABD8-B04A-2802-884A-333DFC46CE35}.Release|Any CPU.ActiveCfg = Release|Any CPU
		{11B9ABD8-B04A-2802-884A-333DFC46CE35}.Release|Any CPU.Build.0 = Release|Any CPU
		{C42EE1D9-AC1A-9F42-BCDD-506C50DCDC0C}.Debug|Any CPU.ActiveCfg = Debug|Any CPU
		{C42EE1D9-AC1A-9F42-BCDD-506C50DCDC0C}.Debug|Any CPU.Build.0 = Debug|Any CPU
		{C42EE1D9-AC1A-9F42-BCDD-506C50DCDC0C}.Release|Any CPU.ActiveCfg = Release|Any CPU
		{C42EE1D9-AC1A-9F42-BCDD-506C50DCDC0C}.Release|Any CPU.Build.0 = Release|Any CPU
		{F678725E-BC8E-8CBA-0486-A56C3F73510E}.Debug|Any CPU.ActiveCfg = Debug|Any CPU
		{F678725E-BC8E-8CBA-0486-A56C3F73510E}.Debug|Any CPU.Build.0 = Debug|Any CPU
		{F678725E-BC8E-8CBA-0486-A56C3F73510E}.Release|Any CPU.ActiveCfg = Release|Any CPU
		{F678725E-BC8E-8CBA-0486-A56C3F73510E}.Release|Any CPU.Build.0 = Release|Any CPU
		{F8152E9B-3428-5917-9FD0-8CA869C89DAF}.Debug|Any CPU.ActiveCfg = Debug|Any CPU
		{F8152E9B-3428-5917-9FD0-8CA869C89DAF}.Debug|Any CPU.Build.0 = Debug|Any CPU
		{F8152E9B-3428-5917-9FD0-8CA869C89DAF}.Release|Any CPU.ActiveCfg = Release|Any CPU
		{F8152E9B-3428-5917-9FD0-8CA869C89DAF}.Release|Any CPU.Build.0 = Release|Any CPU
		{762779C8-7088-349C-0DDB-9946D2F9AE94}.Debug|Any CPU.ActiveCfg = Debug|Any CPU
		{762779C8-7088-349C-0DDB-9946D2F9AE94}.Debug|Any CPU.Build.0 = Debug|Any CPU
		{762779C8-7088-349C-0DDB-9946D2F9AE94}.Release|Any CPU.ActiveCfg = Release|Any CPU
		{762779C8-7088-349C-0DDB-9946D2F9AE94}.Release|Any CPU.Build.0 = Release|Any CPU
	EndGlobalSection
	GlobalSection(SolutionProperties) = preSolution
		HideSolutionNode = FALSE
	EndGlobalSection
EndGlobal
